// !$*UTF8*$!
{
	archiveVersion = 1;
	classes = {
	};
	objectVersion = 56;
	objects = {

/* Begin PBXBuildFile section */
		113BF2B7290AD85D00ABE7A1 /* Endpoint.swift in Sources */ = {isa = PBXBuildFile; fileRef = 113BF2B6290AD85D00ABE7A1 /* Endpoint.swift */; };
		113BF2B9290AD97B00ABE7A1 /* LoadingState.swift in Sources */ = {isa = PBXBuildFile; fileRef = 113BF2B8290AD97B00ABE7A1 /* LoadingState.swift */; };
		113BF2BB290ADA9F00ABE7A1 /* ErrorResponse.swift in Sources */ = {isa = PBXBuildFile; fileRef = 113BF2BA290ADA9F00ABE7A1 /* ErrorResponse.swift */; };
		113BF2BD290ADAFC00ABE7A1 /* User.swift in Sources */ = {isa = PBXBuildFile; fileRef = 113BF2BC290ADAFC00ABE7A1 /* User.swift */; };
		113BF2BF290ADDFF00ABE7A1 /* TokensInfo.swift in Sources */ = {isa = PBXBuildFile; fileRef = 113BF2BE290ADDFF00ABE7A1 /* TokensInfo.swift */; };
		113BF2C1290ADF0A00ABE7A1 /* AuthBody.swift in Sources */ = {isa = PBXBuildFile; fileRef = 113BF2C0290ADF0A00ABE7A1 /* AuthBody.swift */; };
		113BF2C3290ADFF300ABE7A1 /* Developer.swift in Sources */ = {isa = PBXBuildFile; fileRef = 113BF2C2290ADFF300ABE7A1 /* Developer.swift */; };
		113BF2C5290AE13C00ABE7A1 /* Requester.swift in Sources */ = {isa = PBXBuildFile; fileRef = 113BF2C4290AE13C00ABE7A1 /* Requester.swift */; };
		113BF2C7290AE5EE00ABE7A1 /* RegisterScreen.swift in Sources */ = {isa = PBXBuildFile; fileRef = 113BF2C6290AE5EE00ABE7A1 /* RegisterScreen.swift */; };
		113BF2C9290AE5F900ABE7A1 /* LoginScreen.swift in Sources */ = {isa = PBXBuildFile; fileRef = 113BF2C8290AE5F900ABE7A1 /* LoginScreen.swift */; };
		113BF2CB290AEA0800ABE7A1 /* DevsScreen.swift in Sources */ = {isa = PBXBuildFile; fileRef = 113BF2CA290AEA0800ABE7A1 /* DevsScreen.swift */; };
		113BF2CD290AEA7600ABE7A1 /* UserDefaultWorker.swift in Sources */ = {isa = PBXBuildFile; fileRef = 113BF2CC290AEA7600ABE7A1 /* UserDefaultWorker.swift */; };
		113BF2CF290AEB1300ABE7A1 /* TokenInfo.swift in Sources */ = {isa = PBXBuildFile; fileRef = 113BF2CE290AEB1300ABE7A1 /* TokenInfo.swift */; };
		113BF2D1290AF3A700ABE7A1 /* Result.swift in Sources */ = {isa = PBXBuildFile; fileRef = 113BF2D0290AF3A700ABE7A1 /* Result.swift */; };
		113BF2D3290AF45300ABE7A1 /* Errors.swift in Sources */ = {isa = PBXBuildFile; fileRef = 113BF2D2290AF45300ABE7A1 /* Errors.swift */; };
		113BF2D5290AFD3800ABE7A1 /* Extensions.swift in Sources */ = {isa = PBXBuildFile; fileRef = 113BF2D4290AFD3800ABE7A1 /* Extensions.swift */; };
		113BF2D7290B19A000ABE7A1 /* MainViewModel.swift in Sources */ = {isa = PBXBuildFile; fileRef = 113BF2D6290B19A000ABE7A1 /* MainViewModel.swift */; };
		113BF2DA290B1EE500ABE7A1 /* IdentifiableAlert.swift in Sources */ = {isa = PBXBuildFile; fileRef = 113BF2D9290B1EE500ABE7A1 /* IdentifiableAlert.swift */; };
		11E8B851290AD27500276576 /* jwt_authorizerApp.swift in Sources */ = {isa = PBXBuildFile; fileRef = 11E8B850290AD27500276576 /* jwt_authorizerApp.swift */; };
		11E8B853290AD27500276576 /* ContentView.swift in Sources */ = {isa = PBXBuildFile; fileRef = 11E8B852290AD27500276576 /* ContentView.swift */; };
		11E8B855290AD27700276576 /* Assets.xcassets in Resources */ = {isa = PBXBuildFile; fileRef = 11E8B854290AD27700276576 /* Assets.xcassets */; };
		11E8B858290AD27700276576 /* Preview Assets.xcassets in Resources */ = {isa = PBXBuildFile; fileRef = 11E8B857290AD27700276576 /* Preview Assets.xcassets */; };
/* End PBXBuildFile section */

/* Begin PBXFileReference section */
		113BF2B6290AD85D00ABE7A1 /* Endpoint.swift */ = {isa = PBXFileReference; lastKnownFileType = sourcecode.swift; path = Endpoint.swift; sourceTree = "<group>"; };
		113BF2B8290AD97B00ABE7A1 /* LoadingState.swift */ = {isa = PBXFileReference; lastKnownFileType = sourcecode.swift; path = LoadingState.swift; sourceTree = "<group>"; };
		113BF2BA290ADA9F00ABE7A1 /* ErrorResponse.swift */ = {isa = PBXFileReference; lastKnownFileType = sourcecode.swift; path = ErrorResponse.swift; sourceTree = "<group>"; };
		113BF2BC290ADAFC00ABE7A1 /* User.swift */ = {isa = PBXFileReference; lastKnownFileType = sourcecode.swift; path = User.swift; sourceTree = "<group>"; };
		113BF2BE290ADDFF00ABE7A1 /* TokensInfo.swift */ = {isa = PBXFileReference; lastKnownFileType = sourcecode.swift; path = TokensInfo.swift; sourceTree = "<group>"; };
		113BF2C0290ADF0A00ABE7A1 /* AuthBody.swift */ = {isa = PBXFileReference; lastKnownFileType = sourcecode.swift; path = AuthBody.swift; sourceTree = "<group>"; };
		113BF2C2290ADFF300ABE7A1 /* Developer.swift */ = {isa = PBXFileReference; lastKnownFileType = sourcecode.swift; path = Developer.swift; sourceTree = "<group>"; };
		113BF2C4290AE13C00ABE7A1 /* Requester.swift */ = {isa = PBXFileReference; lastKnownFileType = sourcecode.swift; path = Requester.swift; sourceTree = "<group>"; };
		113BF2C6290AE5EE00ABE7A1 /* RegisterScreen.swift */ = {isa = PBXFileReference; lastKnownFileType = sourcecode.swift; path = RegisterScreen.swift; sourceTree = "<group>"; };
		113BF2C8290AE5F900ABE7A1 /* LoginScreen.swift */ = {isa = PBXFileReference; lastKnownFileType = sourcecode.swift; path = LoginScreen.swift; sourceTree = "<group>"; };
		113BF2CA290AEA0800ABE7A1 /* DevsScreen.swift */ = {isa = PBXFileReference; lastKnownFileType = sourcecode.swift; path = DevsScreen.swift; sourceTree = "<group>"; };
		113BF2CC290AEA7600ABE7A1 /* UserDefaultWorker.swift */ = {isa = PBXFileReference; lastKnownFileType = sourcecode.swift; path = UserDefaultWorker.swift; sourceTree = "<group>"; };
		113BF2CE290AEB1300ABE7A1 /* TokenInfo.swift */ = {isa = PBXFileReference; lastKnownFileType = sourcecode.swift; path = TokenInfo.swift; sourceTree = "<group>"; };
		113BF2D0290AF3A700ABE7A1 /* Result.swift */ = {isa = PBXFileReference; lastKnownFileType = sourcecode.swift; path = Result.swift; sourceTree = "<group>"; };
		113BF2D2290AF45300ABE7A1 /* Errors.swift */ = {isa = PBXFileReference; lastKnownFileType = sourcecode.swift; path = Errors.swift; sourceTree = "<group>"; };
		113BF2D4290AFD3800ABE7A1 /* Extensions.swift */ = {isa = PBXFileReference; lastKnownFileType = sourcecode.swift; path = Extensions.swift; sourceTree = "<group>"; };
		113BF2D6290B19A000ABE7A1 /* MainViewModel.swift */ = {isa = PBXFileReference; lastKnownFileType = sourcecode.swift; path = MainViewModel.swift; sourceTree = "<group>"; };
		113BF2D9290B1EE500ABE7A1 /* IdentifiableAlert.swift */ = {isa = PBXFileReference; lastKnownFileType = sourcecode.swift; path = IdentifiableAlert.swift; sourceTree = "<group>"; };
		11E8B84D290AD27500276576 /* jwt_authorizer.app */ = {isa = PBXFileReference; explicitFileType = wrapper.application; includeInIndex = 0; path = jwt_authorizer.app; sourceTree = BUILT_PRODUCTS_DIR; };
		11E8B850290AD27500276576 /* jwt_authorizerApp.swift */ = {isa = PBXFileReference; lastKnownFileType = sourcecode.swift; path = jwt_authorizerApp.swift; sourceTree = "<group>"; };
		11E8B852290AD27500276576 /* ContentView.swift */ = {isa = PBXFileReference; lastKnownFileType = sourcecode.swift; path = ContentView.swift; sourceTree = "<group>"; };
		11E8B854290AD27700276576 /* Assets.xcassets */ = {isa = PBXFileReference; lastKnownFileType = folder.assetcatalog; path = Assets.xcassets; sourceTree = "<group>"; };
		11E8B857290AD27700276576 /* Preview Assets.xcassets */ = {isa = PBXFileReference; lastKnownFileType = folder.assetcatalog; path = "Preview Assets.xcassets"; sourceTree = "<group>"; };
/* End PBXFileReference section */

/* Begin PBXFrameworksBuildPhase section */
		11E8B84A290AD27500276576 /* Frameworks */ = {
			isa = PBXFrameworksBuildPhase;
			buildActionMask = 2147483647;
			files = (
			);
			runOnlyForDeploymentPostprocessing = 0;
		};
/* End PBXFrameworksBuildPhase section */

/* Begin PBXGroup section */
		113BF2B1290AD63800ABE7A1 /* View */ = {
			isa = PBXGroup;
			children = (
				113BF2DC290B20A200ABE7A1 /* Auth */,
				113BF2DB290B209C00ABE7A1 /* Main */,
				113BF2D8290B1ECD00ABE7A1 /* Components */,
			);
			path = View;
			sourceTree = "<group>";
		};
		113BF2B2290AD63D00ABE7A1 /* ViewModel */ = {
			isa = PBXGroup;
			children = (
				113BF2D6290B19A000ABE7A1 /* MainViewModel.swift */,
			);
			path = ViewModel;
			sourceTree = "<group>";
		};
		113BF2B3290AD64400ABE7A1 /* Model */ = {
			isa = PBXGroup;
			children = (
				113BF2BA290ADA9F00ABE7A1 /* ErrorResponse.swift */,
				113BF2BC290ADAFC00ABE7A1 /* User.swift */,
				113BF2BE290ADDFF00ABE7A1 /* TokensInfo.swift */,
				113BF2C0290ADF0A00ABE7A1 /* AuthBody.swift */,
				113BF2C2290ADFF300ABE7A1 /* Developer.swift */,
				113BF2CE290AEB1300ABE7A1 /* TokenInfo.swift */,
			);
			path = Model;
			sourceTree = "<group>";
		};
		113BF2B4290AD64900ABE7A1 /* Networking */ = {
			isa = PBXGroup;
			children = (
				113BF2B6290AD85D00ABE7A1 /* Endpoint.swift */,
				113BF2B8290AD97B00ABE7A1 /* LoadingState.swift */,
				113BF2C4290AE13C00ABE7A1 /* Requester.swift */,
				113BF2D0290AF3A700ABE7A1 /* Result.swift */,
			);
			path = Networking;
			sourceTree = "<group>";
		};
		113BF2B5290AD65500ABE7A1 /* Utils */ = {
			isa = PBXGroup;
			children = (
				113BF2CC290AEA7600ABE7A1 /* UserDefaultWorker.swift */,
				113BF2D2290AF45300ABE7A1 /* Errors.swift */,
				113BF2D4290AFD3800ABE7A1 /* Extensions.swift */,
			);
			path = Utils;
			sourceTree = "<group>";
		};
		113BF2D8290B1ECD00ABE7A1 /* Components */ = {
			isa = PBXGroup;
			children = (
				113BF2D9290B1EE500ABE7A1 /* IdentifiableAlert.swift */,
			);
			path = Components;
			sourceTree = "<group>";
		};
		113BF2DB290B209C00ABE7A1 /* Main */ = {
			isa = PBXGroup;
			children = (
				113BF2CA290AEA0800ABE7A1 /* DevsScreen.swift */,
			);
			path = Main;
			sourceTree = "<group>";
		};
		113BF2DC290B20A200ABE7A1 /* Auth */ = {
			isa = PBXGroup;
			children = (
				113BF2C8290AE5F900ABE7A1 /* LoginScreen.swift */,
				113BF2C6290AE5EE00ABE7A1 /* RegisterScreen.swift */,
			);
			path = Auth;
			sourceTree = "<group>";
		};
		11E8B844290AD27500276576 = {
			isa = PBXGroup;
			children = (
				11E8B84F290AD27500276576 /* jwt_authorizer */,
				11E8B84E290AD27500276576 /* Products */,
			);
			sourceTree = "<group>";
		};
		11E8B84E290AD27500276576 /* Products */ = {
			isa = PBXGroup;
			children = (
				11E8B84D290AD27500276576 /* jwt_authorizer.app */,
			);
			name = Products;
			sourceTree = "<group>";
		};
		11E8B84F290AD27500276576 /* jwt_authorizer */ = {
			isa = PBXGroup;
			children = (
				113BF2B5290AD65500ABE7A1 /* Utils */,
				113BF2B4290AD64900ABE7A1 /* Networking */,
				113BF2B3290AD64400ABE7A1 /* Model */,
				113BF2B2290AD63D00ABE7A1 /* ViewModel */,
				113BF2B1290AD63800ABE7A1 /* View */,
				11E8B850290AD27500276576 /* jwt_authorizerApp.swift */,
				11E8B852290AD27500276576 /* ContentView.swift */,
				11E8B854290AD27700276576 /* Assets.xcassets */,
				11E8B856290AD27700276576 /* Preview Content */,
			);
			path = jwt_authorizer;
			sourceTree = "<group>";
		};
		11E8B856290AD27700276576 /* Preview Content */ = {
			isa = PBXGroup;
			children = (
				11E8B857290AD27700276576 /* Preview Assets.xcassets */,
			);
			path = "Preview Content";
			sourceTree = "<group>";
		};
/* End PBXGroup section */

/* Begin PBXNativeTarget section */
		11E8B84C290AD27500276576 /* jwt_authorizer */ = {
			isa = PBXNativeTarget;
			buildConfigurationList = 11E8B85B290AD27700276576 /* Build configuration list for PBXNativeTarget "jwt_authorizer" */;
			buildPhases = (
				11E8B849290AD27500276576 /* Sources */,
				11E8B84A290AD27500276576 /* Frameworks */,
				11E8B84B290AD27500276576 /* Resources */,
			);
			buildRules = (
			);
			dependencies = (
			);
			name = jwt_authorizer;
			productName = jwt_authorizer;
			productReference = 11E8B84D290AD27500276576 /* jwt_authorizer.app */;
			productType = "com.apple.product-type.application";
		};
/* End PBXNativeTarget section */

/* Begin PBXProject section */
		11E8B845290AD27500276576 /* Project object */ = {
			isa = PBXProject;
			attributes = {
				BuildIndependentTargetsInParallel = 1;
				LastSwiftUpdateCheck = 1400;
				LastUpgradeCheck = 1400;
				TargetAttributes = {
					11E8B84C290AD27500276576 = {
						CreatedOnToolsVersion = 14.0.1;
					};
				};
			};
			buildConfigurationList = 11E8B848290AD27500276576 /* Build configuration list for PBXProject "jwt_authorizer" */;
			compatibilityVersion = "Xcode 14.0";
			developmentRegion = en;
			hasScannedForEncodings = 0;
			knownRegions = (
				en,
				Base,
			);
			mainGroup = 11E8B844290AD27500276576;
			productRefGroup = 11E8B84E290AD27500276576 /* Products */;
			projectDirPath = "";
			projectRoot = "";
			targets = (
				11E8B84C290AD27500276576 /* jwt_authorizer */,
			);
		};
/* End PBXProject section */

/* Begin PBXResourcesBuildPhase section */
		11E8B84B290AD27500276576 /* Resources */ = {
			isa = PBXResourcesBuildPhase;
			buildActionMask = 2147483647;
			files = (
				11E8B858290AD27700276576 /* Preview Assets.xcassets in Resources */,
				11E8B855290AD27700276576 /* Assets.xcassets in Resources */,
			);
			runOnlyForDeploymentPostprocessing = 0;
		};
/* End PBXResourcesBuildPhase section */

/* Begin PBXSourcesBuildPhase section */
		11E8B849290AD27500276576 /* Sources */ = {
			isa = PBXSourcesBuildPhase;
			buildActionMask = 2147483647;
			files = (
				113BF2CD290AEA7600ABE7A1 /* UserDefaultWorker.swift in Sources */,
				113BF2D5290AFD3800ABE7A1 /* Extensions.swift in Sources */,
				113BF2C3290ADFF300ABE7A1 /* Developer.swift in Sources */,
				113BF2BB290ADA9F00ABE7A1 /* ErrorResponse.swift in Sources */,
				113BF2C1290ADF0A00ABE7A1 /* AuthBody.swift in Sources */,
				113BF2BF290ADDFF00ABE7A1 /* TokensInfo.swift in Sources */,
				113BF2DA290B1EE500ABE7A1 /* IdentifiableAlert.swift in Sources */,
				113BF2B9290AD97B00ABE7A1 /* LoadingState.swift in Sources */,
				113BF2D1290AF3A700ABE7A1 /* Result.swift in Sources */,
				113BF2CB290AEA0800ABE7A1 /* DevsScreen.swift in Sources */,
				113BF2C9290AE5F900ABE7A1 /* LoginScreen.swift in Sources */,
				113BF2CF290AEB1300ABE7A1 /* TokenInfo.swift in Sources */,
				113BF2BD290ADAFC00ABE7A1 /* User.swift in Sources */,
				11E8B853290AD27500276576 /* ContentView.swift in Sources */,
				113BF2D7290B19A000ABE7A1 /* MainViewModel.swift in Sources */,
				113BF2C7290AE5EE00ABE7A1 /* RegisterScreen.swift in Sources */,
				113BF2D3290AF45300ABE7A1 /* Errors.swift in Sources */,
				113BF2B7290AD85D00ABE7A1 /* Endpoint.swift in Sources */,
				113BF2C5290AE13C00ABE7A1 /* Requester.swift in Sources */,
				11E8B851290AD27500276576 /* jwt_authorizerApp.swift in Sources */,
			);
			runOnlyForDeploymentPostprocessing = 0;
		};
/* End PBXSourcesBuildPhase section */

/* Begin XCBuildConfiguration section */
		11E8B859290AD27700276576 /* Debug */ = {
			isa = XCBuildConfiguration;
			buildSettings = {
				ALWAYS_SEARCH_USER_PATHS = NO;
				CLANG_ANALYZER_NONNULL = YES;
				CLANG_ANALYZER_NUMBER_OBJECT_CONVERSION = YES_AGGRESSIVE;
				CLANG_CXX_LANGUAGE_STANDARD = "gnu++20";
				CLANG_ENABLE_MODULES = YES;
				CLANG_ENABLE_OBJC_ARC = YES;
				CLANG_ENABLE_OBJC_WEAK = YES;
				CLANG_WARN_BLOCK_CAPTURE_AUTORELEASING = YES;
				CLANG_WARN_BOOL_CONVERSION = YES;
				CLANG_WARN_COMMA = YES;
				CLANG_WARN_CONSTANT_CONVERSION = YES;
				CLANG_WARN_DEPRECATED_OBJC_IMPLEMENTATIONS = YES;
				CLANG_WARN_DIRECT_OBJC_ISA_USAGE = YES_ERROR;
				CLANG_WARN_DOCUMENTATION_COMMENTS = YES;
				CLANG_WARN_EMPTY_BODY = YES;
				CLANG_WARN_ENUM_CONVERSION = YES;
				CLANG_WARN_INFINITE_RECURSION = YES;
				CLANG_WARN_INT_CONVERSION = YES;
				CLANG_WARN_NON_LITERAL_NULL_CONVERSION = YES;
				CLANG_WARN_OBJC_IMPLICIT_RETAIN_SELF = YES;
				CLANG_WARN_OBJC_LITERAL_CONVERSION = YES;
				CLANG_WARN_OBJC_ROOT_CLASS = YES_ERROR;
				CLANG_WARN_QUOTED_INCLUDE_IN_FRAMEWORK_HEADER = YES;
				CLANG_WARN_RANGE_LOOP_ANALYSIS = YES;
				CLANG_WARN_STRICT_PROTOTYPES = YES;
				CLANG_WARN_SUSPICIOUS_MOVE = YES;
				CLANG_WARN_UNGUARDED_AVAILABILITY = YES_AGGRESSIVE;
				CLANG_WARN_UNREACHABLE_CODE = YES;
				CLANG_WARN__DUPLICATE_METHOD_MATCH = YES;
				COPY_PHASE_STRIP = NO;
				DEBUG_INFORMATION_FORMAT = dwarf;
				ENABLE_STRICT_OBJC_MSGSEND = YES;
				ENABLE_TESTABILITY = YES;
				GCC_C_LANGUAGE_STANDARD = gnu11;
				GCC_DYNAMIC_NO_PIC = NO;
				GCC_NO_COMMON_BLOCKS = YES;
				GCC_OPTIMIZATION_LEVEL = 0;
				GCC_PREPROCESSOR_DEFINITIONS = (
					"DEBUG=1",
					"$(inherited)",
				);
				GCC_WARN_64_TO_32_BIT_CONVERSION = YES;
				GCC_WARN_ABOUT_RETURN_TYPE = YES_ERROR;
				GCC_WARN_UNDECLARED_SELECTOR = YES;
				GCC_WARN_UNINITIALIZED_AUTOS = YES_AGGRESSIVE;
				GCC_WARN_UNUSED_FUNCTION = YES;
				GCC_WARN_UNUSED_VARIABLE = YES;
				IPHONEOS_DEPLOYMENT_TARGET = 16.0;
				MTL_ENABLE_DEBUG_INFO = INCLUDE_SOURCE;
				MTL_FAST_MATH = YES;
				ONLY_ACTIVE_ARCH = YES;
				SDKROOT = iphoneos;
				SWIFT_ACTIVE_COMPILATION_CONDITIONS = DEBUG;
				SWIFT_OPTIMIZATION_LEVEL = "-Onone";
			};
			name = Debug;
		};
		11E8B85A290AD27700276576 /* Release */ = {
			isa = XCBuildConfiguration;
			buildSettings = {
				ALWAYS_SEARCH_USER_PATHS = NO;
				CLANG_ANALYZER_NONNULL = YES;
				CLANG_ANALYZER_NUMBER_OBJECT_CONVERSION = YES_AGGRESSIVE;
				CLANG_CXX_LANGUAGE_STANDARD = "gnu++20";
				CLANG_ENABLE_MODULES = YES;
				CLANG_ENABLE_OBJC_ARC = YES;
				CLANG_ENABLE_OBJC_WEAK = YES;
				CLANG_WARN_BLOCK_CAPTURE_AUTORELEASING = YES;
				CLANG_WARN_BOOL_CONVERSION = YES;
				CLANG_WARN_COMMA = YES;
				CLANG_WARN_CONSTANT_CONVERSION = YES;
				CLANG_WARN_DEPRECATED_OBJC_IMPLEMENTATIONS = YES;
				CLANG_WARN_DIRECT_OBJC_ISA_USAGE = YES_ERROR;
				CLANG_WARN_DOCUMENTATION_COMMENTS = YES;
				CLANG_WARN_EMPTY_BODY = YES;
				CLANG_WARN_ENUM_CONVERSION = YES;
				CLANG_WARN_INFINITE_RECURSION = YES;
				CLANG_WARN_INT_CONVERSION = YES;
				CLANG_WARN_NON_LITERAL_NULL_CONVERSION = YES;
				CLANG_WARN_OBJC_IMPLICIT_RETAIN_SELF = YES;
				CLANG_WARN_OBJC_LITERAL_CONVERSION = YES;
				CLANG_WARN_OBJC_ROOT_CLASS = YES_ERROR;
				CLANG_WARN_QUOTED_INCLUDE_IN_FRAMEWORK_HEADER = YES;
				CLANG_WARN_RANGE_LOOP_ANALYSIS = YES;
				CLANG_WARN_STRICT_PROTOTYPES = YES;
				CLANG_WARN_SUSPICIOUS_MOVE = YES;
				CLANG_WARN_UNGUARDED_AVAILABILITY = YES_AGGRESSIVE;
				CLANG_WARN_UNREACHABLE_CODE = YES;
				CLANG_WARN__DUPLICATE_METHOD_MATCH = YES;
				COPY_PHASE_STRIP = NO;
				DEBUG_INFORMATION_FORMAT = "dwarf-with-dsym";
				ENABLE_NS_ASSERTIONS = NO;
				ENABLE_STRICT_OBJC_MSGSEND = YES;
				GCC_C_LANGUAGE_STANDARD = gnu11;
				GCC_NO_COMMON_BLOCKS = YES;
				GCC_WARN_64_TO_32_BIT_CONVERSION = YES;
				GCC_WARN_ABOUT_RETURN_TYPE = YES_ERROR;
				GCC_WARN_UNDECLARED_SELECTOR = YES;
				GCC_WARN_UNINITIALIZED_AUTOS = YES_AGGRESSIVE;
				GCC_WARN_UNUSED_FUNCTION = YES;
				GCC_WARN_UNUSED_VARIABLE = YES;
				IPHONEOS_DEPLOYMENT_TARGET = 16.0;
				MTL_ENABLE_DEBUG_INFO = NO;
				MTL_FAST_MATH = YES;
				SDKROOT = iphoneos;
				SWIFT_COMPILATION_MODE = wholemodule;
				SWIFT_OPTIMIZATION_LEVEL = "-O";
				VALIDATE_PRODUCT = YES;
			};
			name = Release;
		};
		11E8B85C290AD27700276576 /* Debug */ = {
			isa = XCBuildConfiguration;
			buildSettings = {
				ASSETCATALOG_COMPILER_APPICON_NAME = AppIcon;
				ASSETCATALOG_COMPILER_GLOBAL_ACCENT_COLOR_NAME = AccentColor;
				CODE_SIGN_STYLE = Automatic;
				CURRENT_PROJECT_VERSION = 1;
				DEVELOPMENT_ASSET_PATHS = "\"jwt_authorizer/Preview Content\"";
				DEVELOPMENT_TEAM = RW295554R3;
				ENABLE_PREVIEWS = YES;
				GENERATE_INFOPLIST_FILE = YES;
				INFOPLIST_KEY_CFBundleDisplayName = "JWT App";
				INFOPLIST_KEY_UIApplicationSceneManifest_Generation = YES;
				INFOPLIST_KEY_UIApplicationSupportsIndirectInputEvents = YES;
				INFOPLIST_KEY_UILaunchScreen_Generation = YES;
				INFOPLIST_KEY_UISupportedInterfaceOrientations_iPad = "UIInterfaceOrientationPortrait UIInterfaceOrientationPortraitUpsideDown UIInterfaceOrientationLandscapeLeft UIInterfaceOrientationLandscapeRight";
				INFOPLIST_KEY_UISupportedInterfaceOrientations_iPhone = "UIInterfaceOrientationPortrait UIInterfaceOrientationLandscapeLeft UIInterfaceOrientationLandscapeRight";
				IPHONEOS_DEPLOYMENT_TARGET = 15.0;
				LD_RUNPATH_SEARCH_PATHS = (
					"$(inherited)",
					"@executable_path/Frameworks",
				);
				MARKETING_VERSION = 1.0;
				PRODUCT_BUNDLE_IDENTIFIER = "com.customapp.jwt-authorizer";
				PRODUCT_NAME = "$(TARGET_NAME)";
				SWIFT_EMIT_LOC_STRINGS = YES;
				SWIFT_VERSION = 5.0;
				TARGETED_DEVICE_FAMILY = "1,2";
			};
			name = Debug;
		};
		11E8B85D290AD27700276576 /* Release */ = {
			isa = XCBuildConfiguration;
			buildSettings = {
				ASSETCATALOG_COMPILER_APPICON_NAME = AppIcon;
				ASSETCATALOG_COMPILER_GLOBAL_ACCENT_COLOR_NAME = AccentColor;
				CODE_SIGN_STYLE = Automatic;
				CURRENT_PROJECT_VERSION = 1;
				DEVELOPMENT_ASSET_PATHS = "\"jwt_authorizer/Preview Content\"";
				DEVELOPMENT_TEAM = RW295554R3;
				ENABLE_PREVIEWS = YES;
				GENERATE_INFOPLIST_FILE = YES;
				INFOPLIST_KEY_CFBundleDisplayName = "JWT App";
				INFOPLIST_KEY_UIApplicationSceneManifest_Generation = YES;
				INFOPLIST_KEY_UIApplicationSupportsIndirectInputEvents = YES;
				INFOPLIST_KEY_UILaunchScreen_Generation = YES;
				INFOPLIST_KEY_UISupportedInterfaceOrientations_iPad = "UIInterfaceOrientationPortrait UIInterfaceOrientationPortraitUpsideDown UIInterfaceOrientationLandscapeLeft UIInterfaceOrientationLandscapeRight";
				INFOPLIST_KEY_UISupportedInterfaceOrientations_iPhone = "UIInterfaceOrientationPortrait UIInterfaceOrientationLandscapeLeft UIInterfaceOrientationLandscapeRight";
				IPHONEOS_DEPLOYMENT_TARGET = 15.0;
				LD_RUNPATH_SEARCH_PATHS = (
					"$(inherited)",
					"@executable_path/Frameworks",
				);
				MARKETING_VERSION = 1.0;
				PRODUCT_BUNDLE_IDENTIFIER = "com.customapp.jwt-authorizer";
				PRODUCT_NAME = "$(TARGET_NAME)";
				SWIFT_EMIT_LOC_STRINGS = YES;
				SWIFT_VERSION = 5.0;
				TARGETED_DEVICE_FAMILY = "1,2";
			};
			name = Release;
		};
/* End XCBuildConfiguration section */

/* Begin XCConfigurationList section */
		11E8B848290AD27500276576 /* Build configuration list for PBXProject "jwt_authorizer" */ = {
			isa = XCConfigurationList;
			buildConfigurations = (
				11E8B859290AD27700276576 /* Debug */,
				11E8B85A290AD27700276576 /* Release */,
			);
			defaultConfigurationIsVisible = 0;
			defaultConfigurationName = Release;
		};
		11E8B85B290AD27700276576 /* Build configuration list for PBXNativeTarget "jwt_authorizer" */ = {
			isa = XCConfigurationList;
			buildConfigurations = (
				11E8B85C290AD27700276576 /* Debug */,
				11E8B85D290AD27700276576 /* Release */,
			);
			defaultConfigurationIsVisible = 0;
			defaultConfigurationName = Release;
		};
/* End XCConfigurationList section */
	};
	rootObject = 11E8B845290AD27500276576 /* Project object */;
}
